
Microsoft Visual Studio Solution File, Format Version 12.00
# Visual Studio Version 16
VisualStudioVersion = 16.0.30804.86
MinimumVisualStudioVersion = 10.0.40219.1
Project("{8BC9CEB8-8B4A-11D0-8D11-00A0C91BC942}") = "4-10", "4-10.vcxproj", "{D7EB88D4-A2DB-4618-BB42-07AB65CB5D3F}"
EndProject
Global
	GlobalSection(SolutionConfigurationPlatforms) = preSolution
		Debug|x64 = Debug|x64
		Debug|x86 = Debug|x86
		Release|x64 = Release|x64
		Release|x86 = Release|x86
	EndGlobalSection
	GlobalSection(ProjectConfigurationPlatforms) = postSolution
		{D7EB88D4-A2DB-4618-BB42-07AB65CB5D3F}.Debug|x64.ActiveCfg = Debug|x64
		{D7EB88D4-A2DB-4618-BB42-07AB65CB5D3F}.Debug|x64.Build.0 = Debug|x64
		{D7EB88D4-A2DB-4618-BB42-07AB65CB5D3F}.Debug|x86.ActiveCfg = Debug|Win32
		{D7EB88D4-A2DB-4618-BB42-07AB65CB5D3F}.Debug|x86.Build.0 = Debug|Win32
		{D7EB88D4-A2DB-4618-BB42-07AB65CB5D3F}.Release|x64.ActiveCfg = Release|x64
		{D7EB88D4-A2DB-4618-BB42-07AB65CB5D3F}.Release|x64.Build.0 = Release|x64
		{D7EB88D4-A2DB-4618-BB42-07AB65CB5D3F}.Release|x86.ActiveCfg = Release|Win32
		{D7EB88D4-A2DB-4618-BB42-07AB65CB5D3F}.Release|x86.Build.0 = Release|Win32
	EndGlobalSection
	GlobalSection(SolutionProperties) = preSolution
		HideSolutionNode = FALSE
	EndGlobalSection
	GlobalSection(ExtensibilityGlobals) = postSolution
		SolutionGuid = {D3D58731-D1FB-4FC9-A108-CB200879D903}
	EndGlobalSection
EndGlobal
