
Microsoft Visual Studio Solution File, Format Version 12.00
# Visual Studio Version 16
VisualStudioVersion = 16.0.30804.86
MinimumVisualStudioVersion = 10.0.40219.1
Project("{8BC9CEB8-8B4A-11D0-8D11-00A0C91BC942}") = "5-5", "5-5.vcxproj", "{A05D3DF8-D380-41AF-8D9C-80AEC859514A}"
EndProject
Global
	GlobalSection(SolutionConfigurationPlatforms) = preSolution
		Debug|x64 = Debug|x64
		Debug|x86 = Debug|x86
		Release|x64 = Release|x64
		Release|x86 = Release|x86
	EndGlobalSection
	GlobalSection(ProjectConfigurationPlatforms) = postSolution
		{A05D3DF8-D380-41AF-8D9C-80AEC859514A}.Debug|x64.ActiveCfg = Debug|x64
		{A05D3DF8-D380-41AF-8D9C-80AEC859514A}.Debug|x64.Build.0 = Debug|x64
		{A05D3DF8-D380-41AF-8D9C-80AEC859514A}.Debug|x86.ActiveCfg = Debug|Win32
		{A05D3DF8-D380-41AF-8D9C-80AEC859514A}.Debug|x86.Build.0 = Debug|Win32
		{A05D3DF8-D380-41AF-8D9C-80AEC859514A}.Release|x64.ActiveCfg = Release|x64
		{A05D3DF8-D380-41AF-8D9C-80AEC859514A}.Release|x64.Build.0 = Release|x64
		{A05D3DF8-D380-41AF-8D9C-80AEC859514A}.Release|x86.ActiveCfg = Release|Win32
		{A05D3DF8-D380-41AF-8D9C-80AEC859514A}.Release|x86.Build.0 = Release|Win32
	EndGlobalSection
	GlobalSection(SolutionProperties) = preSolution
		HideSolutionNode = FALSE
	EndGlobalSection
	GlobalSection(ExtensibilityGlobals) = postSolution
		SolutionGuid = {D0118EFA-608E-47A1-A9DF-1A89D52B4BB2}
	EndGlobalSection
EndGlobal
