
Microsoft Visual Studio Solution File, Format Version 12.00
# Visual Studio Version 16
VisualStudioVersion = 16.0.30804.86
MinimumVisualStudioVersion = 10.0.40219.1
Project("{8BC9CEB8-8B4A-11D0-8D11-00A0C91BC942}") = "5-4", "5-4.vcxproj", "{F8B475FD-3545-41A1-B713-9819F263B791}"
EndProject
Global
	GlobalSection(SolutionConfigurationPlatforms) = preSolution
		Debug|x64 = Debug|x64
		Debug|x86 = Debug|x86
		Release|x64 = Release|x64
		Release|x86 = Release|x86
	EndGlobalSection
	GlobalSection(ProjectConfigurationPlatforms) = postSolution
		{F8B475FD-3545-41A1-B713-9819F263B791}.Debug|x64.ActiveCfg = Debug|x64
		{F8B475FD-3545-41A1-B713-9819F263B791}.Debug|x64.Build.0 = Debug|x64
		{F8B475FD-3545-41A1-B713-9819F263B791}.Debug|x86.ActiveCfg = Debug|Win32
		{F8B475FD-3545-41A1-B713-9819F263B791}.Debug|x86.Build.0 = Debug|Win32
		{F8B475FD-3545-41A1-B713-9819F263B791}.Release|x64.ActiveCfg = Release|x64
		{F8B475FD-3545-41A1-B713-9819F263B791}.Release|x64.Build.0 = Release|x64
		{F8B475FD-3545-41A1-B713-9819F263B791}.Release|x86.ActiveCfg = Release|Win32
		{F8B475FD-3545-41A1-B713-9819F263B791}.Release|x86.Build.0 = Release|Win32
	EndGlobalSection
	GlobalSection(SolutionProperties) = preSolution
		HideSolutionNode = FALSE
	EndGlobalSection
	GlobalSection(ExtensibilityGlobals) = postSolution
		SolutionGuid = {CA8D4BE2-2B78-4DFD-9B3D-A61BFE39C785}
	EndGlobalSection
EndGlobal
