
Microsoft Visual Studio Solution File, Format Version 12.00
# Visual Studio Version 16
VisualStudioVersion = 16.0.30804.86
MinimumVisualStudioVersion = 10.0.40219.1
Project("{8BC9CEB8-8B4A-11D0-8D11-00A0C91BC942}") = "18-3", "18-3.vcxproj", "{BD9F9A0B-6CBE-4B67-9CD1-D38AA8B5E81C}"
EndProject
Global
	GlobalSection(SolutionConfigurationPlatforms) = preSolution
		Debug|x64 = Debug|x64
		Debug|x86 = Debug|x86
		Release|x64 = Release|x64
		Release|x86 = Release|x86
	EndGlobalSection
	GlobalSection(ProjectConfigurationPlatforms) = postSolution
		{BD9F9A0B-6CBE-4B67-9CD1-D38AA8B5E81C}.Debug|x64.ActiveCfg = Debug|x64
		{BD9F9A0B-6CBE-4B67-9CD1-D38AA8B5E81C}.Debug|x64.Build.0 = Debug|x64
		{BD9F9A0B-6CBE-4B67-9CD1-D38AA8B5E81C}.Debug|x86.ActiveCfg = Debug|Win32
		{BD9F9A0B-6CBE-4B67-9CD1-D38AA8B5E81C}.Debug|x86.Build.0 = Debug|Win32
		{BD9F9A0B-6CBE-4B67-9CD1-D38AA8B5E81C}.Release|x64.ActiveCfg = Release|x64
		{BD9F9A0B-6CBE-4B67-9CD1-D38AA8B5E81C}.Release|x64.Build.0 = Release|x64
		{BD9F9A0B-6CBE-4B67-9CD1-D38AA8B5E81C}.Release|x86.ActiveCfg = Release|Win32
		{BD9F9A0B-6CBE-4B67-9CD1-D38AA8B5E81C}.Release|x86.Build.0 = Release|Win32
	EndGlobalSection
	GlobalSection(SolutionProperties) = preSolution
		HideSolutionNode = FALSE
	EndGlobalSection
	GlobalSection(ExtensibilityGlobals) = postSolution
		SolutionGuid = {C299E1F1-B0BF-4E1D-BDA3-0300F0CB83DB}
	EndGlobalSection
EndGlobal
