
Microsoft Visual Studio Solution File, Format Version 12.00
# Visual Studio Version 16
VisualStudioVersion = 16.0.30804.86
MinimumVisualStudioVersion = 10.0.40219.1
Project("{8BC9CEB8-8B4A-11D0-8D11-00A0C91BC942}") = "4-14", "4-14.vcxproj", "{842FB89C-E684-4ED1-BB3F-32CA9DFF9205}"
EndProject
Global
	GlobalSection(SolutionConfigurationPlatforms) = preSolution
		Debug|x64 = Debug|x64
		Debug|x86 = Debug|x86
		Release|x64 = Release|x64
		Release|x86 = Release|x86
	EndGlobalSection
	GlobalSection(ProjectConfigurationPlatforms) = postSolution
		{842FB89C-E684-4ED1-BB3F-32CA9DFF9205}.Debug|x64.ActiveCfg = Debug|x64
		{842FB89C-E684-4ED1-BB3F-32CA9DFF9205}.Debug|x64.Build.0 = Debug|x64
		{842FB89C-E684-4ED1-BB3F-32CA9DFF9205}.Debug|x86.ActiveCfg = Debug|Win32
		{842FB89C-E684-4ED1-BB3F-32CA9DFF9205}.Debug|x86.Build.0 = Debug|Win32
		{842FB89C-E684-4ED1-BB3F-32CA9DFF9205}.Release|x64.ActiveCfg = Release|x64
		{842FB89C-E684-4ED1-BB3F-32CA9DFF9205}.Release|x64.Build.0 = Release|x64
		{842FB89C-E684-4ED1-BB3F-32CA9DFF9205}.Release|x86.ActiveCfg = Release|Win32
		{842FB89C-E684-4ED1-BB3F-32CA9DFF9205}.Release|x86.Build.0 = Release|Win32
	EndGlobalSection
	GlobalSection(SolutionProperties) = preSolution
		HideSolutionNode = FALSE
	EndGlobalSection
	GlobalSection(ExtensibilityGlobals) = postSolution
		SolutionGuid = {AB7B2EC9-15BD-402E-B064-0B0DC87988FA}
	EndGlobalSection
EndGlobal
