
Microsoft Visual Studio Solution File, Format Version 12.00
# Visual Studio Version 16
VisualStudioVersion = 16.0.30804.86
MinimumVisualStudioVersion = 10.0.40219.1
Project("{8BC9CEB8-8B4A-11D0-8D11-00A0C91BC942}") = "15-1", "15-1.vcxproj", "{AE56F470-31EA-46DB-8C5F-DAA784CFD1B2}"
EndProject
Global
	GlobalSection(SolutionConfigurationPlatforms) = preSolution
		Debug|x64 = Debug|x64
		Debug|x86 = Debug|x86
		Release|x64 = Release|x64
		Release|x86 = Release|x86
	EndGlobalSection
	GlobalSection(ProjectConfigurationPlatforms) = postSolution
		{AE56F470-31EA-46DB-8C5F-DAA784CFD1B2}.Debug|x64.ActiveCfg = Debug|x64
		{AE56F470-31EA-46DB-8C5F-DAA784CFD1B2}.Debug|x64.Build.0 = Debug|x64
		{AE56F470-31EA-46DB-8C5F-DAA784CFD1B2}.Debug|x86.ActiveCfg = Debug|Win32
		{AE56F470-31EA-46DB-8C5F-DAA784CFD1B2}.Debug|x86.Build.0 = Debug|Win32
		{AE56F470-31EA-46DB-8C5F-DAA784CFD1B2}.Release|x64.ActiveCfg = Release|x64
		{AE56F470-31EA-46DB-8C5F-DAA784CFD1B2}.Release|x64.Build.0 = Release|x64
		{AE56F470-31EA-46DB-8C5F-DAA784CFD1B2}.Release|x86.ActiveCfg = Release|Win32
		{AE56F470-31EA-46DB-8C5F-DAA784CFD1B2}.Release|x86.Build.0 = Release|Win32
	EndGlobalSection
	GlobalSection(SolutionProperties) = preSolution
		HideSolutionNode = FALSE
	EndGlobalSection
	GlobalSection(ExtensibilityGlobals) = postSolution
		SolutionGuid = {4B40555D-8067-438D-8779-204371CDF100}
	EndGlobalSection
EndGlobal
