
Microsoft Visual Studio Solution File, Format Version 12.00
# Visual Studio Version 16
VisualStudioVersion = 16.0.30804.86
MinimumVisualStudioVersion = 10.0.40219.1
Project("{8BC9CEB8-8B4A-11D0-8D11-00A0C91BC942}") = "14-1", "14-1.vcxproj", "{593629DE-B4A6-4853-AEFD-E92495AEF213}"
EndProject
Global
	GlobalSection(SolutionConfigurationPlatforms) = preSolution
		Debug|x64 = Debug|x64
		Debug|x86 = Debug|x86
		Release|x64 = Release|x64
		Release|x86 = Release|x86
	EndGlobalSection
	GlobalSection(ProjectConfigurationPlatforms) = postSolution
		{593629DE-B4A6-4853-AEFD-E92495AEF213}.Debug|x64.ActiveCfg = Debug|x64
		{593629DE-B4A6-4853-AEFD-E92495AEF213}.Debug|x64.Build.0 = Debug|x64
		{593629DE-B4A6-4853-AEFD-E92495AEF213}.Debug|x86.ActiveCfg = Debug|Win32
		{593629DE-B4A6-4853-AEFD-E92495AEF213}.Debug|x86.Build.0 = Debug|Win32
		{593629DE-B4A6-4853-AEFD-E92495AEF213}.Release|x64.ActiveCfg = Release|x64
		{593629DE-B4A6-4853-AEFD-E92495AEF213}.Release|x64.Build.0 = Release|x64
		{593629DE-B4A6-4853-AEFD-E92495AEF213}.Release|x86.ActiveCfg = Release|Win32
		{593629DE-B4A6-4853-AEFD-E92495AEF213}.Release|x86.Build.0 = Release|Win32
	EndGlobalSection
	GlobalSection(SolutionProperties) = preSolution
		HideSolutionNode = FALSE
	EndGlobalSection
	GlobalSection(ExtensibilityGlobals) = postSolution
		SolutionGuid = {2BC0207D-601F-40A4-BCE3-72269B93473D}
	EndGlobalSection
EndGlobal
